// !$*UTF8*$!
{
	archiveVersion = 1;
	classes = {
	};
	objectVersion = 46;
	objects = {

/* Begin PBXBuildFile section */
		802D91CA1D58C7F400D93598 /* AppDelegate.swift in Sources */ = {isa = PBXBuildFile; fileRef = 802D91C91D58C7F400D93598 /* AppDelegate.swift */; };
		802D91CC1D58C7F400D93598 /* ViewController.swift in Sources */ = {isa = PBXBuildFile; fileRef = 802D91CB1D58C7F400D93598 /* ViewController.swift */; };
		802D91CF1D58C7F400D93598 /* Main.storyboard in Resources */ = {isa = PBXBuildFile; fileRef = 802D91CD1D58C7F400D93598 /* Main.storyboard */; };
		802D91D11D58C7F400D93598 /* Assets.xcassets in Resources */ = {isa = PBXBuildFile; fileRef = 802D91D01D58C7F400D93598 /* Assets.xcassets */; };
		802D91D41D58C7F400D93598 /* LaunchScreen.storyboard in Resources */ = {isa = PBXBuildFile; fileRef = 802D91D21D58C7F400D93598 /* LaunchScreen.storyboard */; };
		802D91E21D58C82200D93598 /* KeyboardViewController.swift in Sources */ = {isa = PBXBuildFile; fileRef = 802D91E11D58C82200D93598 /* KeyboardViewController.swift */; };
		802D91E61D58C82200D93598 /* HodorBoard.appex in Embed App Extensions */ = {isa = PBXBuildFile; fileRef = 802D91DF1D58C82200D93598 /* HodorBoard.appex */; settings = {ATTRIBUTES = (RemoveHeadersOnCopy, ); }; };
		802D91EE1D58CA5900D93598 /* hodor.png in Resources */ = {isa = PBXBuildFile; fileRef = 802D91ED1D58CA5900D93598 /* hodor.png */; };
/* End PBXBuildFile section */

/* Begin PBXContainerItemProxy section */
		802D91E41D58C82200D93598 /* PBXContainerItemProxy */ = {
			isa = PBXContainerItemProxy;
			containerPortal = 802D91BE1D58C7F400D93598 /* Project object */;
			proxyType = 1;
			remoteGlobalIDString = 802D91DE1D58C82200D93598;
			remoteInfo = HodorBoard;
		};
/* End PBXContainerItemProxy section */

/* Begin PBXCopyFilesBuildPhase section */
		802D91EA1D58C82200D93598 /* Embed App Extensions */ = {
			isa = PBXCopyFilesBuildPhase;
			buildActionMask = 2147483647;
			dstPath = "";
			dstSubfolderSpec = 13;
			files = (
				802D91E61D58C82200D93598 /* HodorBoard.appex in Embed App Extensions */,
			);
			name = "Embed App Extensions";
			runOnlyForDeploymentPostprocessing = 0;
		};
/* End PBXCopyFilesBuildPhase section */

/* Begin PBXFileReference section */
		802D91C61D58C7F400D93598 /* Custom Keyboard.app */ = {isa = PBXFileReference; explicitFileType = wrapper.application; includeInIndex = 0; path = "Custom Keyboard.app"; sourceTree = BUILT_PRODUCTS_DIR; };
		802D91C91D58C7F400D93598 /* AppDelegate.swift */ = {isa = PBXFileReference; lastKnownFileType = sourcecode.swift; path = AppDelegate.swift; sourceTree = "<group>"; };
		802D91CB1D58C7F400D93598 /* ViewController.swift */ = {isa = PBXFileReference; lastKnownFileType = sourcecode.swift; path = ViewController.swift; sourceTree = "<group>"; };
		802D91CE1D58C7F400D93598 /* Base */ = {isa = PBXFileReference; lastKnownFileType = file.storyboard; name = Base; path = Base.lproj/Main.storyboard; sourceTree = "<group>"; };
		802D91D01D58C7F400D93598 /* Assets.xcassets */ = {isa = PBXFileReference; lastKnownFileType = folder.assetcatalog; path = Assets.xcassets; sourceTree = "<group>"; };
		802D91D31D58C7F400D93598 /* Base */ = {isa = PBXFileReference; lastKnownFileType = file.storyboard; name = Base; path = Base.lproj/LaunchScreen.storyboard; sourceTree = "<group>"; };
		802D91D51D58C7F400D93598 /* Info.plist */ = {isa = PBXFileReference; lastKnownFileType = text.plist.xml; path = Info.plist; sourceTree = "<group>"; };
		802D91DF1D58C82200D93598 /* HodorBoard.appex */ = {isa = PBXFileReference; explicitFileType = "wrapper.app-extension"; includeInIndex = 0; path = HodorBoard.appex; sourceTree = BUILT_PRODUCTS_DIR; };
		802D91E11D58C82200D93598 /* KeyboardViewController.swift */ = {isa = PBXFileReference; lastKnownFileType = sourcecode.swift; path = KeyboardViewController.swift; sourceTree = "<group>"; };
		802D91E31D58C82200D93598 /* Info.plist */ = {isa = PBXFileReference; lastKnownFileType = text.plist.xml; path = Info.plist; sourceTree = "<group>"; };
		802D91ED1D58CA5900D93598 /* hodor.png */ = {isa = PBXFileReference; lastKnownFileType = image.png; path = hodor.png; sourceTree = "<group>"; };
/* End PBXFileReference section */

/* Begin PBXFrameworksBuildPhase section */
		802D91C31D58C7F400D93598 /* Frameworks */ = {
			isa = PBXFrameworksBuildPhase;
			buildActionMask = 2147483647;
			files = (
			);
			runOnlyForDeploymentPostprocessing = 0;
		};
		802D91DC1D58C82200D93598 /* Frameworks */ = {
			isa = PBXFrameworksBuildPhase;
			buildActionMask = 2147483647;
			files = (
			);
			runOnlyForDeploymentPostprocessing = 0;
		};
/* End PBXFrameworksBuildPhase section */

/* Begin PBXGroup section */
		802D91BD1D58C7F400D93598 = {
			isa = PBXGroup;
			children = (
				802D91C81D58C7F400D93598 /* Custom Keyboard */,
				802D91E01D58C82200D93598 /* HodorBoard */,
				802D91C71D58C7F400D93598 /* Products */,
			);
			sourceTree = "<group>";
		};
		802D91C71D58C7F400D93598 /* Products */ = {
			isa = PBXGroup;
			children = (
				802D91C61D58C7F400D93598 /* Custom Keyboard.app */,
				802D91DF1D58C82200D93598 /* HodorBoard.appex */,
			);
			name = Products;
			sourceTree = "<group>";
		};
		802D91C81D58C7F400D93598 /* Custom Keyboard */ = {
			isa = PBXGroup;
			children = (
				802D91C91D58C7F400D93598 /* AppDelegate.swift */,
				802D91CB1D58C7F400D93598 /* ViewController.swift */,
				802D91CD1D58C7F400D93598 /* Main.storyboard */,
				802D91D01D58C7F400D93598 /* Assets.xcassets */,
				802D91D21D58C7F400D93598 /* LaunchScreen.storyboard */,
				802D91D51D58C7F400D93598 /* Info.plist */,
			);
			path = "Custom Keyboard";
			sourceTree = "<group>";
		};
		802D91E01D58C82200D93598 /* HodorBoard */ = {
			isa = PBXGroup;
			children = (
				802D91ED1D58CA5900D93598 /* hodor.png */,
				802D91E11D58C82200D93598 /* KeyboardViewController.swift */,
				802D91E31D58C82200D93598 /* Info.plist */,
			);
			path = HodorBoard;
			sourceTree = "<group>";
		};
/* End PBXGroup section */

/* Begin PBXNativeTarget section */
		802D91C51D58C7F400D93598 /* Custom Keyboard */ = {
			isa = PBXNativeTarget;
			buildConfigurationList = 802D91D81D58C7F400D93598 /* Build configuration list for PBXNativeTarget "Custom Keyboard" */;
			buildPhases = (
				802D91C21D58C7F400D93598 /* Sources */,
				802D91C31D58C7F400D93598 /* Frameworks */,
				802D91C41D58C7F400D93598 /* Resources */,
				802D91EA1D58C82200D93598 /* Embed App Extensions */,
			);
			buildRules = (
			);
			dependencies = (
				802D91E51D58C82200D93598 /* PBXTargetDependency */,
			);
			name = "Custom Keyboard";
			productName = "Custom Keyboard";
			productReference = 802D91C61D58C7F400D93598 /* Custom Keyboard.app */;
			productType = "com.apple.product-type.application";
		};
		802D91DE1D58C82200D93598 /* HodorBoard */ = {
			isa = PBXNativeTarget;
			buildConfigurationList = 802D91E71D58C82200D93598 /* Build configuration list for PBXNativeTarget "HodorBoard" */;
			buildPhases = (
				802D91DB1D58C82200D93598 /* Sources */,
				802D91DC1D58C82200D93598 /* Frameworks */,
				802D91DD1D58C82200D93598 /* Resources */,
			);
			buildRules = (
			);
			dependencies = (
			);
			name = HodorBoard;
			productName = HodorBoard;
			productReference = 802D91DF1D58C82200D93598 /* HodorBoard.appex */;
			productType = "com.apple.product-type.app-extension";
		};
/* End PBXNativeTarget section */

/* Begin PBXProject section */
		802D91BE1D58C7F400D93598 /* Project object */ = {
			isa = PBXProject;
			attributes = {
				LastSwiftUpdateCheck = 0730;
				LastUpgradeCheck = 0730;
				ORGANIZATIONNAME = LuisMachado;
				TargetAttributes = {
					802D91C51D58C7F400D93598 = {
						CreatedOnToolsVersion = 7.3;
					};
					802D91DE1D58C82200D93598 = {
						CreatedOnToolsVersion = 7.3;
					};
				};
			};
			buildConfigurationList = 802D91C11D58C7F400D93598 /* Build configuration list for PBXProject "Custom Keyboard" */;
			compatibilityVersion = "Xcode 3.2";
			developmentRegion = English;
			hasScannedForEncodings = 0;
			knownRegions = (
				en,
				Base,
			);
			mainGroup = 802D91BD1D58C7F400D93598;
			productRefGroup = 802D91C71D58C7F400D93598 /* Products */;
			projectDirPath = "";
			projectRoot = "";
			targets = (
				802D91C51D58C7F400D93598 /* Custom Keyboard */,
				802D91DE1D58C82200D93598 /* HodorBoard */,
			);
		};
/* End PBXProject section */

/* Begin PBXResourcesBuildPhase section */
		802D91C41D58C7F400D93598 /* Resources */ = {
			isa = PBXResourcesBuildPhase;
			buildActionMask = 2147483647;
			files = (
				802D91D41D58C7F400D93598 /* LaunchScreen.storyboard in Resources */,
				802D91D11D58C7F400D93598 /* Assets.xcassets in Resources */,
				802D91CF1D58C7F400D93598 /* Main.storyboard in Resources */,
			);
			runOnlyForDeploymentPostprocessing = 0;
		};
		802D91DD1D58C82200D93598 /* Resources */ = {
			isa = PBXResourcesBuildPhase;
			buildActionMask = 2147483647;
			files = (
				802D91EE1D58CA5900D93598 /* hodor.png in Resources */,
			);
			runOnlyForDeploymentPostprocessing = 0;
		};
/* End PBXResourcesBuildPhase section */

/* Begin PBXSourcesBuildPhase section */
		802D91C21D58C7F400D93598 /* Sources */ = {
			isa = PBXSourcesBuildPhase;
			buildActionMask = 2147483647;
			files = (
				802D91CC1D58C7F400D93598 /* ViewController.swift in Sources */,
				802D91CA1D58C7F400D93598 /* AppDelegate.swift in Sources */,
			);
			runOnlyForDeploymentPostprocessing = 0;
		};
		802D91DB1D58C82200D93598 /* Sources */ = {
			isa = PBXSourcesBuildPhase;
			buildActionMask = 2147483647;
			files = (
				802D91E21D58C82200D93598 /* KeyboardViewController.swift in Sources */,
			);
			runOnlyForDeploymentPostprocessing = 0;
		};
/* End PBXSourcesBuildPhase section */

/* Begin PBXTargetDependency section */
		802D91E51D58C82200D93598 /* PBXTargetDependency */ = {
			isa = PBXTargetDependency;
			target = 802D91DE1D58C82200D93598 /* HodorBoard */;
			targetProxy = 802D91E41D58C82200D93598 /* PBXContainerItemProxy */;
		};
/* End PBXTargetDependency section */

/* Begin PBXVariantGroup section */
		802D91CD1D58C7F400D93598 /* Main.storyboard */ = {
			isa = PBXVariantGroup;
			children = (
				802D91CE1D58C7F400D93598 /* Base */,
			);
			name = Main.storyboard;
			sourceTree = "<group>";
		};
		802D91D21D58C7F400D93598 /* LaunchScreen.storyboard */ = {
			isa = PBXVariantGroup;
			children = (
				802D91D31D58C7F400D93598 /* Base */,
			);
			name = LaunchScreen.storyboard;
			sourceTree = "<group>";
		};
/* End PBXVariantGroup section */

/* Begin XCBuildConfiguration section */
		802D91D61D58C7F400D93598 /* Debug */ = {
			isa = XCBuildConfiguration;
			buildSettings = {
				ALWAYS_SEARCH_USER_PATHS = NO;
				CLANG_ANALYZER_NONNULL = YES;
				CLANG_CXX_LANGUAGE_STANDARD = "gnu++0x";
				CLANG_CXX_LIBRARY = "libc++";
				CLANG_ENABLE_MODULES = YES;
				CLANG_ENABLE_OBJC_ARC = YES;
				CLANG_WARN_BOOL_CONVERSION = YES;
				CLANG_WARN_CONSTANT_CONVERSION = YES;
				CLANG_WARN_DIRECT_OBJC_ISA_USAGE = YES_ERROR;
				CLANG_WARN_EMPTY_BODY = YES;
				CLANG_WARN_ENUM_CONVERSION = YES;
				CLANG_WARN_INT_CONVERSION = YES;
				CLANG_WARN_OBJC_ROOT_CLASS = YES_ERROR;
				CLANG_WARN_UNREACHABLE_CODE = YES;
				CLANG_WARN__DUPLICATE_METHOD_MATCH = YES;
				"CODE_SIGN_IDENTITY[sdk=iphoneos*]" = "iPhone Developer";
				COPY_PHASE_STRIP = NO;
				DEBUG_INFORMATION_FORMAT = dwarf;
				ENABLE_STRICT_OBJC_MSGSEND = YES;
				ENABLE_TESTABILITY = YES;
				GCC_C_LANGUAGE_STANDARD = gnu99;
				GCC_DYNAMIC_NO_PIC = NO;
				GCC_NO_COMMON_BLOCKS = YES;
				GCC_OPTIMIZATION_LEVEL = 0;
				GCC_PREPROCESSOR_DEFINITIONS = (
					"DEBUG=1",
					"$(inherited)",
				);
				GCC_WARN_64_TO_32_BIT_CONVERSION = YES;
				GCC_WARN_ABOUT_RETURN_TYPE = YES_ERROR;
				GCC_WARN_UNDECLARED_SELECTOR = YES;
				GCC_WARN_UNINITIALIZED_AUTOS = YES_AGGRESSIVE;
				GCC_WARN_UNUSED_FUNCTION = YES;
				GCC_WARN_UNUSED_VARIABLE = YES;
				IPHONEOS_DEPLOYMENT_TARGET = 9.3;
				MTL_ENABLE_DEBUG_INFO = YES;
				ONLY_ACTIVE_ARCH = YES;
				SDKROOT = iphoneos;
				SWIFT_OPTIMIZATION_LEVEL = "-Onone";
			};
			name = Debug;
		};
		802D91D71D58C7F400D93598 /* Release */ = {
			isa = XCBuildConfiguration;
			buildSettings = {
				ALWAYS_SEARCH_USER_PATHS = NO;
				CLANG_ANALYZER_NONNULL = YES;
				CLANG_CXX_LANGUAGE_STANDARD = "gnu++0x";
				CLANG_CXX_LIBRARY = "libc++";
				CLANG_ENABLE_MODULES = YES;
				CLANG_ENABLE_OBJC_ARC = YES;
				CLANG_WARN_BOOL_CONVERSION = YES;
				CLANG_WARN_CONSTANT_CONVERSION = YES;
				CLANG_WARN_DIRECT_OBJC_ISA_USAGE = YES_ERROR;
				CLANG_WARN_EMPTY_BODY = YES;
				CLANG_WARN_ENUM_CONVERSION = YES;
				CLANG_WARN_INT_CONVERSION = YES;
				CLANG_WARN_OBJC_ROOT_CLASS = YES_ERROR;
				CLANG_WARN_UNREACHABLE_CODE = YES;
				CLANG_WARN__DUPLICATE_METHOD_MATCH = YES;
				"CODE_SIGN_IDENTITY[sdk=iphoneos*]" = "iPhone Developer";
				COPY_PHASE_STRIP = NO;
				DEBUG_INFORMATION_FORMAT = "dwarf-with-dsym";
				ENABLE_NS_ASSERTIONS = NO;
				ENABLE_STRICT_OBJC_MSGSEND = YES;
				GCC_C_LANGUAGE_STANDARD = gnu99;
				GCC_NO_COMMON_BLOCKS = YES;
				GCC_WARN_64_TO_32_BIT_CONVERSION = YES;
				GCC_WARN_ABOUT_RETURN_TYPE = YES_ERROR;
				GCC_WARN_UNDECLARED_SELECTOR = YES;
				GCC_WARN_UNINITIALIZED_AUTOS = YES_AGGRESSIVE;
				GCC_WARN_UNUSED_FUNCTION = YES;
				GCC_WARN_UNUSED_VARIABLE = YES;
				IPHONEOS_DEPLOYMENT_TARGET = 9.3;
				MTL_ENABLE_DEBUG_INFO = NO;
				SDKROOT = iphoneos;
				VALIDATE_PRODUCT = YES;
			};
			name = Release;
		};
		802D91D91D58C7F400D93598 /* Debug */ = {
			isa = XCBuildConfiguration;
			buildSettings = {
				ASSETCATALOG_COMPILER_APPICON_NAME = AppIcon;
				EMBEDDED_CONTENT_CONTAINS_SWIFT = YES;
				INFOPLIST_FILE = "Custom Keyboard/Info.plist";
				LD_RUNPATH_SEARCH_PATHS = "$(inherited) @executable_path/Frameworks";
				PRODUCT_BUNDLE_IDENTIFIER = "com.luismachado.Custom-Keyboard";
				PRODUCT_NAME = "$(TARGET_NAME)";
			};
			name = Debug;
		};
		802D91DA1D58C7F400D93598 /* Release */ = {
			isa = XCBuildConfiguration;
			buildSettings = {
				ASSETCATALOG_COMPILER_APPICON_NAME = AppIcon;
				EMBEDDED_CONTENT_CONTAINS_SWIFT = YES;
				INFOPLIST_FILE = "Custom Keyboard/Info.plist";
				LD_RUNPATH_SEARCH_PATHS = "$(inherited) @executable_path/Frameworks";
				PRODUCT_BUNDLE_IDENTIFIER = "com.luismachado.Custom-Keyboard";
				PRODUCT_NAME = "$(TARGET_NAME)";
			};
			name = Release;
		};
		802D91E81D58C82200D93598 /* Debug */ = {
			isa = XCBuildConfiguration;
			buildSettings = {
				INFOPLIST_FILE = HodorBoard/Info.plist;
				LD_RUNPATH_SEARCH_PATHS = "$(inherited) @executable_path/Frameworks @executable_path/../../Frameworks";
				PRODUCT_BUNDLE_IDENTIFIER = "com.luismachado.Custom-Keyboard.HodorBoard";
				PRODUCT_NAME = "$(TARGET_NAME)";
				SKIP_INSTALL = YES;
			};
			name = Debug;
		};
		802D91E91D58C82200D93598 /* Release */ = {
			isa = XCBuildConfiguration;
			buildSettings = {
				INFOPLIST_FILE = HodorBoard/Info.plist;
				LD_RUNPATH_SEARCH_PATHS = "$(inherited) @executable_path/Frameworks @executable_path/../../Frameworks";
				PRODUCT_BUNDLE_IDENTIFIER = "com.luismachado.Custom-Keyboard.HodorBoard";
				PRODUCT_NAME = "$(TARGET_NAME)";
				SKIP_INSTALL = YES;
			};
			name = Release;
		};
/* End XCBuildConfiguration section */

/* Begin XCConfigurationList section */
		802D91C11D58C7F400D93598 /* Build configuration list for PBXProject "Custom Keyboard" */ = {
			isa = XCConfigurationList;
			buildConfigurations = (
				802D91D61D58C7F400D93598 /* Debug */,
				802D91D71D58C7F400D93598 /* Release */,
			);
			defaultConfigurationIsVisible = 0;
			defaultConfigurationName = Release;
		};
		802D91D81D58C7F400D93598 /* Build configuration list for PBXNativeTarget "Custom Keyboard" */ = {
			isa = XCConfigurationList;
			buildConfigurations = (
				802D91D91D58C7F400D93598 /* Debug */,
				802D91DA1D58C7F400D93598 /* Release */,
			);
			defaultConfigurationIsVisible = 0;
		};
		802D91E71D58C82200D93598 /* Build configuration list for PBXNativeTarget "HodorBoard" */ = {
			isa = XCConfigurationList;
			buildConfigurations = (
				802D91E81D58C82200D93598 /* Debug */,
				802D91E91D58C82200D93598 /* Release */,
			);
			defaultConfigurationIsVisible = 0;
		};
/* End XCConfigurationList section */
	};
	rootObject = 802D91BE1D58C7F400D93598 /* Project object */;
}
