// !$*UTF8*$!
{
	archiveVersion = 1;
	classes = {
	};
	objectVersion = 46;
	objects = {

/* Begin PBXBuildFile section */
		802E60BA1D1998BF00B74684 /* AppDelegate.swift in Sources */ = {isa = PBXBuildFile; fileRef = 802E60B91D1998BF00B74684 /* AppDelegate.swift */; };
		802E60BC1D1998BF00B74684 /* ViewController.swift in Sources */ = {isa = PBXBuildFile; fileRef = 802E60BB1D1998BF00B74684 /* ViewController.swift */; };
		802E60BF1D1998BF00B74684 /* Main.storyboard in Resources */ = {isa = PBXBuildFile; fileRef = 802E60BD1D1998BF00B74684 /* Main.storyboard */; };
		802E60C11D1998BF00B74684 /* Assets.xcassets in Resources */ = {isa = PBXBuildFile; fileRef = 802E60C01D1998BF00B74684 /* Assets.xcassets */; };
		802E60C41D1998BF00B74684 /* LaunchScreen.storyboard in Resources */ = {isa = PBXBuildFile; fileRef = 802E60C21D1998BF00B74684 /* LaunchScreen.storyboard */; };
		802E60CC1D1998DC00B74684 /* bach.mp3 in Resources */ = {isa = PBXBuildFile; fileRef = 802E60CB1D1998DC00B74684 /* bach.mp3 */; };
/* End PBXBuildFile section */

/* Begin PBXFileReference section */
		802E60B61D1998BF00B74684 /* WorkingAudio.app */ = {isa = PBXFileReference; explicitFileType = wrapper.application; includeInIndex = 0; path = WorkingAudio.app; sourceTree = BUILT_PRODUCTS_DIR; };
		802E60B91D1998BF00B74684 /* AppDelegate.swift */ = {isa = PBXFileReference; lastKnownFileType = sourcecode.swift; path = AppDelegate.swift; sourceTree = "<group>"; };
		802E60BB1D1998BF00B74684 /* ViewController.swift */ = {isa = PBXFileReference; lastKnownFileType = sourcecode.swift; path = ViewController.swift; sourceTree = "<group>"; };
		802E60BE1D1998BF00B74684 /* Base */ = {isa = PBXFileReference; lastKnownFileType = file.storyboard; name = Base; path = Base.lproj/Main.storyboard; sourceTree = "<group>"; };
		802E60C01D1998BF00B74684 /* Assets.xcassets */ = {isa = PBXFileReference; lastKnownFileType = folder.assetcatalog; path = Assets.xcassets; sourceTree = "<group>"; };
		802E60C31D1998BF00B74684 /* Base */ = {isa = PBXFileReference; lastKnownFileType = file.storyboard; name = Base; path = Base.lproj/LaunchScreen.storyboard; sourceTree = "<group>"; };
		802E60C51D1998BF00B74684 /* Info.plist */ = {isa = PBXFileReference; lastKnownFileType = text.plist.xml; path = Info.plist; sourceTree = "<group>"; };
		802E60CB1D1998DC00B74684 /* bach.mp3 */ = {isa = PBXFileReference; lastKnownFileType = audio.mp3; name = bach.mp3; path = ../../../../../Downloads/bach.mp3; sourceTree = "<group>"; };
/* End PBXFileReference section */

/* Begin PBXFrameworksBuildPhase section */
		802E60B31D1998BF00B74684 /* Frameworks */ = {
			isa = PBXFrameworksBuildPhase;
			buildActionMask = 2147483647;
			files = (
			);
			runOnlyForDeploymentPostprocessing = 0;
		};
/* End PBXFrameworksBuildPhase section */

/* Begin PBXGroup section */
		802E60AD1D1998BF00B74684 = {
			isa = PBXGroup;
			children = (
				802E60B81D1998BF00B74684 /* WorkingAudio */,
				802E60B71D1998BF00B74684 /* Products */,
			);
			sourceTree = "<group>";
		};
		802E60B71D1998BF00B74684 /* Products */ = {
			isa = PBXGroup;
			children = (
				802E60B61D1998BF00B74684 /* WorkingAudio.app */,
			);
			name = Products;
			sourceTree = "<group>";
		};
		802E60B81D1998BF00B74684 /* WorkingAudio */ = {
			isa = PBXGroup;
			children = (
				802E60B91D1998BF00B74684 /* AppDelegate.swift */,
				802E60BB1D1998BF00B74684 /* ViewController.swift */,
				802E60BD1D1998BF00B74684 /* Main.storyboard */,
				802E60C01D1998BF00B74684 /* Assets.xcassets */,
				802E60C21D1998BF00B74684 /* LaunchScreen.storyboard */,
				802E60CB1D1998DC00B74684 /* bach.mp3 */,
				802E60C51D1998BF00B74684 /* Info.plist */,
			);
			path = WorkingAudio;
			sourceTree = "<group>";
		};
/* End PBXGroup section */

/* Begin PBXNativeTarget section */
		802E60B51D1998BF00B74684 /* WorkingAudio */ = {
			isa = PBXNativeTarget;
			buildConfigurationList = 802E60C81D1998BF00B74684 /* Build configuration list for PBXNativeTarget "WorkingAudio" */;
			buildPhases = (
				802E60B21D1998BF00B74684 /* Sources */,
				802E60B31D1998BF00B74684 /* Frameworks */,
				802E60B41D1998BF00B74684 /* Resources */,
			);
			buildRules = (
			);
			dependencies = (
			);
			name = WorkingAudio;
			productName = WorkingAudio;
			productReference = 802E60B61D1998BF00B74684 /* WorkingAudio.app */;
			productType = "com.apple.product-type.application";
		};
/* End PBXNativeTarget section */

/* Begin PBXProject section */
		802E60AE1D1998BF00B74684 /* Project object */ = {
			isa = PBXProject;
			attributes = {
				LastSwiftUpdateCheck = 0730;
				LastUpgradeCheck = 0730;
				ORGANIZATIONNAME = LuisMachado;
				TargetAttributes = {
					802E60B51D1998BF00B74684 = {
						CreatedOnToolsVersion = 7.3;
					};
				};
			};
			buildConfigurationList = 802E60B11D1998BF00B74684 /* Build configuration list for PBXProject "WorkingAudio" */;
			compatibilityVersion = "Xcode 3.2";
			developmentRegion = English;
			hasScannedForEncodings = 0;
			knownRegions = (
				en,
				Base,
			);
			mainGroup = 802E60AD1D1998BF00B74684;
			productRefGroup = 802E60B71D1998BF00B74684 /* Products */;
			projectDirPath = "";
			projectRoot = "";
			targets = (
				802E60B51D1998BF00B74684 /* WorkingAudio */,
			);
		};
/* End PBXProject section */

/* Begin PBXResourcesBuildPhase section */
		802E60B41D1998BF00B74684 /* Resources */ = {
			isa = PBXResourcesBuildPhase;
			buildActionMask = 2147483647;
			files = (
				802E60CC1D1998DC00B74684 /* bach.mp3 in Resources */,
				802E60C41D1998BF00B74684 /* LaunchScreen.storyboard in Resources */,
				802E60C11D1998BF00B74684 /* Assets.xcassets in Resources */,
				802E60BF1D1998BF00B74684 /* Main.storyboard in Resources */,
			);
			runOnlyForDeploymentPostprocessing = 0;
		};
/* End PBXResourcesBuildPhase section */

/* Begin PBXSourcesBuildPhase section */
		802E60B21D1998BF00B74684 /* Sources */ = {
			isa = PBXSourcesBuildPhase;
			buildActionMask = 2147483647;
			files = (
				802E60BC1D1998BF00B74684 /* ViewController.swift in Sources */,
				802E60BA1D1998BF00B74684 /* AppDelegate.swift in Sources */,
			);
			runOnlyForDeploymentPostprocessing = 0;
		};
/* End PBXSourcesBuildPhase section */

/* Begin PBXVariantGroup section */
		802E60BD1D1998BF00B74684 /* Main.storyboard */ = {
			isa = PBXVariantGroup;
			children = (
				802E60BE1D1998BF00B74684 /* Base */,
			);
			name = Main.storyboard;
			sourceTree = "<group>";
		};
		802E60C21D1998BF00B74684 /* LaunchScreen.storyboard */ = {
			isa = PBXVariantGroup;
			children = (
				802E60C31D1998BF00B74684 /* Base */,
			);
			name = LaunchScreen.storyboard;
			sourceTree = "<group>";
		};
/* End PBXVariantGroup section */

/* Begin XCBuildConfiguration section */
		802E60C61D1998BF00B74684 /* Debug */ = {
			isa = XCBuildConfiguration;
			buildSettings = {
				ALWAYS_SEARCH_USER_PATHS = NO;
				CLANG_ANALYZER_NONNULL = YES;
				CLANG_CXX_LANGUAGE_STANDARD = "gnu++0x";
				CLANG_CXX_LIBRARY = "libc++";
				CLANG_ENABLE_MODULES = YES;
				CLANG_ENABLE_OBJC_ARC = YES;
				CLANG_WARN_BOOL_CONVERSION = YES;
				CLANG_WARN_CONSTANT_CONVERSION = YES;
				CLANG_WARN_DIRECT_OBJC_ISA_USAGE = YES_ERROR;
				CLANG_WARN_EMPTY_BODY = YES;
				CLANG_WARN_ENUM_CONVERSION = YES;
				CLANG_WARN_INT_CONVERSION = YES;
				CLANG_WARN_OBJC_ROOT_CLASS = YES_ERROR;
				CLANG_WARN_UNREACHABLE_CODE = YES;
				CLANG_WARN__DUPLICATE_METHOD_MATCH = YES;
				"CODE_SIGN_IDENTITY[sdk=iphoneos*]" = "iPhone Developer";
				COPY_PHASE_STRIP = NO;
				DEBUG_INFORMATION_FORMAT = dwarf;
				ENABLE_STRICT_OBJC_MSGSEND = YES;
				ENABLE_TESTABILITY = YES;
				GCC_C_LANGUAGE_STANDARD = gnu99;
				GCC_DYNAMIC_NO_PIC = NO;
				GCC_NO_COMMON_BLOCKS = YES;
				GCC_OPTIMIZATION_LEVEL = 0;
				GCC_PREPROCESSOR_DEFINITIONS = (
					"DEBUG=1",
					"$(inherited)",
				);
				GCC_WARN_64_TO_32_BIT_CONVERSION = YES;
				GCC_WARN_ABOUT_RETURN_TYPE = YES_ERROR;
				GCC_WARN_UNDECLARED_SELECTOR = YES;
				GCC_WARN_UNINITIALIZED_AUTOS = YES_AGGRESSIVE;
				GCC_WARN_UNUSED_FUNCTION = YES;
				GCC_WARN_UNUSED_VARIABLE = YES;
				IPHONEOS_DEPLOYMENT_TARGET = 9.3;
				MTL_ENABLE_DEBUG_INFO = YES;
				ONLY_ACTIVE_ARCH = YES;
				SDKROOT = iphoneos;
				SWIFT_OPTIMIZATION_LEVEL = "-Onone";
			};
			name = Debug;
		};
		802E60C71D1998BF00B74684 /* Release */ = {
			isa = XCBuildConfiguration;
			buildSettings = {
				ALWAYS_SEARCH_USER_PATHS = NO;
				CLANG_ANALYZER_NONNULL = YES;
				CLANG_CXX_LANGUAGE_STANDARD = "gnu++0x";
				CLANG_CXX_LIBRARY = "libc++";
				CLANG_ENABLE_MODULES = YES;
				CLANG_ENABLE_OBJC_ARC = YES;
				CLANG_WARN_BOOL_CONVERSION = YES;
				CLANG_WARN_CONSTANT_CONVERSION = YES;
				CLANG_WARN_DIRECT_OBJC_ISA_USAGE = YES_ERROR;
				CLANG_WARN_EMPTY_BODY = YES;
				CLANG_WARN_ENUM_CONVERSION = YES;
				CLANG_WARN_INT_CONVERSION = YES;
				CLANG_WARN_OBJC_ROOT_CLASS = YES_ERROR;
				CLANG_WARN_UNREACHABLE_CODE = YES;
				CLANG_WARN__DUPLICATE_METHOD_MATCH = YES;
				"CODE_SIGN_IDENTITY[sdk=iphoneos*]" = "iPhone Developer";
				COPY_PHASE_STRIP = NO;
				DEBUG_INFORMATION_FORMAT = "dwarf-with-dsym";
				ENABLE_NS_ASSERTIONS = NO;
				ENABLE_STRICT_OBJC_MSGSEND = YES;
				GCC_C_LANGUAGE_STANDARD = gnu99;
				GCC_NO_COMMON_BLOCKS = YES;
				GCC_WARN_64_TO_32_BIT_CONVERSION = YES;
				GCC_WARN_ABOUT_RETURN_TYPE = YES_ERROR;
				GCC_WARN_UNDECLARED_SELECTOR = YES;
				GCC_WARN_UNINITIALIZED_AUTOS = YES_AGGRESSIVE;
				GCC_WARN_UNUSED_FUNCTION = YES;
				GCC_WARN_UNUSED_VARIABLE = YES;
				IPHONEOS_DEPLOYMENT_TARGET = 9.3;
				MTL_ENABLE_DEBUG_INFO = NO;
				SDKROOT = iphoneos;
				VALIDATE_PRODUCT = YES;
			};
			name = Release;
		};
		802E60C91D1998BF00B74684 /* Debug */ = {
			isa = XCBuildConfiguration;
			buildSettings = {
				ASSETCATALOG_COMPILER_APPICON_NAME = AppIcon;
				INFOPLIST_FILE = WorkingAudio/Info.plist;
				LD_RUNPATH_SEARCH_PATHS = "$(inherited) @executable_path/Frameworks";
				PRODUCT_BUNDLE_IDENTIFIER = com.luismachado.WorkingAudio;
				PRODUCT_NAME = "$(TARGET_NAME)";
			};
			name = Debug;
		};
		802E60CA1D1998BF00B74684 /* Release */ = {
			isa = XCBuildConfiguration;
			buildSettings = {
				ASSETCATALOG_COMPILER_APPICON_NAME = AppIcon;
				INFOPLIST_FILE = WorkingAudio/Info.plist;
				LD_RUNPATH_SEARCH_PATHS = "$(inherited) @executable_path/Frameworks";
				PRODUCT_BUNDLE_IDENTIFIER = com.luismachado.WorkingAudio;
				PRODUCT_NAME = "$(TARGET_NAME)";
			};
			name = Release;
		};
/* End XCBuildConfiguration section */

/* Begin XCConfigurationList section */
		802E60B11D1998BF00B74684 /* Build configuration list for PBXProject "WorkingAudio" */ = {
			isa = XCConfigurationList;
			buildConfigurations = (
				802E60C61D1998BF00B74684 /* Debug */,
				802E60C71D1998BF00B74684 /* Release */,
			);
			defaultConfigurationIsVisible = 0;
			defaultConfigurationName = Release;
		};
		802E60C81D1998BF00B74684 /* Build configuration list for PBXNativeTarget "WorkingAudio" */ = {
			isa = XCConfigurationList;
			buildConfigurations = (
				802E60C91D1998BF00B74684 /* Debug */,
				802E60CA1D1998BF00B74684 /* Release */,
			);
			defaultConfigurationIsVisible = 0;
		};
/* End XCConfigurationList section */
	};
	rootObject = 802E60AE1D1998BF00B74684 /* Project object */;
}
