// !$*UTF8*$!
{
	archiveVersion = 1;
	classes = {
	};
	objectVersion = 46;
	objects = {

/* Begin PBXBuildFile section */
		800815121D144F1500648090 /* CoreLocation.framework in Frameworks */ = {isa = PBXBuildFile; fileRef = 800815111D144F1500648090 /* CoreLocation.framework */; };
		805EC28D1D143E8C003588EC /* AppDelegate.swift in Sources */ = {isa = PBXBuildFile; fileRef = 805EC28C1D143E8C003588EC /* AppDelegate.swift */; };
		805EC28F1D143E8C003588EC /* ViewController.swift in Sources */ = {isa = PBXBuildFile; fileRef = 805EC28E1D143E8C003588EC /* ViewController.swift */; };
		805EC2921D143E8C003588EC /* Main.storyboard in Resources */ = {isa = PBXBuildFile; fileRef = 805EC2901D143E8C003588EC /* Main.storyboard */; };
		805EC2941D143E8C003588EC /* Assets.xcassets in Resources */ = {isa = PBXBuildFile; fileRef = 805EC2931D143E8C003588EC /* Assets.xcassets */; };
		805EC2971D143E8C003588EC /* LaunchScreen.storyboard in Resources */ = {isa = PBXBuildFile; fileRef = 805EC2951D143E8C003588EC /* LaunchScreen.storyboard */; };
		806B57D11D144495004C6568 /* TableViewController.swift in Sources */ = {isa = PBXBuildFile; fileRef = 806B57D01D144495004C6568 /* TableViewController.swift */; };
/* End PBXBuildFile section */

/* Begin PBXFileReference section */
		800815111D144F1500648090 /* CoreLocation.framework */ = {isa = PBXFileReference; lastKnownFileType = wrapper.framework; name = CoreLocation.framework; path = System/Library/Frameworks/CoreLocation.framework; sourceTree = SDKROOT; };
		805EC2891D143E8C003588EC /* MemorablePlaces.app */ = {isa = PBXFileReference; explicitFileType = wrapper.application; includeInIndex = 0; path = MemorablePlaces.app; sourceTree = BUILT_PRODUCTS_DIR; };
		805EC28C1D143E8C003588EC /* AppDelegate.swift */ = {isa = PBXFileReference; lastKnownFileType = sourcecode.swift; path = AppDelegate.swift; sourceTree = "<group>"; };
		805EC28E1D143E8C003588EC /* ViewController.swift */ = {isa = PBXFileReference; lastKnownFileType = sourcecode.swift; path = ViewController.swift; sourceTree = "<group>"; };
		805EC2911D143E8C003588EC /* Base */ = {isa = PBXFileReference; lastKnownFileType = file.storyboard; name = Base; path = Base.lproj/Main.storyboard; sourceTree = "<group>"; };
		805EC2931D143E8C003588EC /* Assets.xcassets */ = {isa = PBXFileReference; lastKnownFileType = folder.assetcatalog; path = Assets.xcassets; sourceTree = "<group>"; };
		805EC2961D143E8C003588EC /* Base */ = {isa = PBXFileReference; lastKnownFileType = file.storyboard; name = Base; path = Base.lproj/LaunchScreen.storyboard; sourceTree = "<group>"; };
		805EC2981D143E8C003588EC /* Info.plist */ = {isa = PBXFileReference; lastKnownFileType = text.plist.xml; path = Info.plist; sourceTree = "<group>"; };
		806B57D01D144495004C6568 /* TableViewController.swift */ = {isa = PBXFileReference; fileEncoding = 4; lastKnownFileType = sourcecode.swift; path = TableViewController.swift; sourceTree = "<group>"; };
/* End PBXFileReference section */

/* Begin PBXFrameworksBuildPhase section */
		805EC2861D143E8C003588EC /* Frameworks */ = {
			isa = PBXFrameworksBuildPhase;
			buildActionMask = 2147483647;
			files = (
				800815121D144F1500648090 /* CoreLocation.framework in Frameworks */,
			);
			runOnlyForDeploymentPostprocessing = 0;
		};
/* End PBXFrameworksBuildPhase section */

/* Begin PBXGroup section */
		805EC2801D143E8C003588EC = {
			isa = PBXGroup;
			children = (
				800815111D144F1500648090 /* CoreLocation.framework */,
				805EC28B1D143E8C003588EC /* MemorablePlaces */,
				805EC28A1D143E8C003588EC /* Products */,
			);
			sourceTree = "<group>";
		};
		805EC28A1D143E8C003588EC /* Products */ = {
			isa = PBXGroup;
			children = (
				805EC2891D143E8C003588EC /* MemorablePlaces.app */,
			);
			name = Products;
			sourceTree = "<group>";
		};
		805EC28B1D143E8C003588EC /* MemorablePlaces */ = {
			isa = PBXGroup;
			children = (
				805EC28C1D143E8C003588EC /* AppDelegate.swift */,
				805EC28E1D143E8C003588EC /* ViewController.swift */,
				805EC2901D143E8C003588EC /* Main.storyboard */,
				805EC2931D143E8C003588EC /* Assets.xcassets */,
				805EC2951D143E8C003588EC /* LaunchScreen.storyboard */,
				805EC2981D143E8C003588EC /* Info.plist */,
				806B57D01D144495004C6568 /* TableViewController.swift */,
			);
			path = MemorablePlaces;
			sourceTree = "<group>";
		};
/* End PBXGroup section */

/* Begin PBXNativeTarget section */
		805EC2881D143E8C003588EC /* MemorablePlaces */ = {
			isa = PBXNativeTarget;
			buildConfigurationList = 805EC29B1D143E8C003588EC /* Build configuration list for PBXNativeTarget "MemorablePlaces" */;
			buildPhases = (
				805EC2851D143E8C003588EC /* Sources */,
				805EC2861D143E8C003588EC /* Frameworks */,
				805EC2871D143E8C003588EC /* Resources */,
			);
			buildRules = (
			);
			dependencies = (
			);
			name = MemorablePlaces;
			productName = MemorablePlaces;
			productReference = 805EC2891D143E8C003588EC /* MemorablePlaces.app */;
			productType = "com.apple.product-type.application";
		};
/* End PBXNativeTarget section */

/* Begin PBXProject section */
		805EC2811D143E8C003588EC /* Project object */ = {
			isa = PBXProject;
			attributes = {
				LastSwiftUpdateCheck = 0730;
				LastUpgradeCheck = 0730;
				ORGANIZATIONNAME = LuisMachado;
				TargetAttributes = {
					805EC2881D143E8C003588EC = {
						CreatedOnToolsVersion = 7.3;
					};
				};
			};
			buildConfigurationList = 805EC2841D143E8C003588EC /* Build configuration list for PBXProject "MemorablePlaces" */;
			compatibilityVersion = "Xcode 3.2";
			developmentRegion = English;
			hasScannedForEncodings = 0;
			knownRegions = (
				en,
				Base,
			);
			mainGroup = 805EC2801D143E8C003588EC;
			productRefGroup = 805EC28A1D143E8C003588EC /* Products */;
			projectDirPath = "";
			projectRoot = "";
			targets = (
				805EC2881D143E8C003588EC /* MemorablePlaces */,
			);
		};
/* End PBXProject section */

/* Begin PBXResourcesBuildPhase section */
		805EC2871D143E8C003588EC /* Resources */ = {
			isa = PBXResourcesBuildPhase;
			buildActionMask = 2147483647;
			files = (
				805EC2971D143E8C003588EC /* LaunchScreen.storyboard in Resources */,
				805EC2941D143E8C003588EC /* Assets.xcassets in Resources */,
				805EC2921D143E8C003588EC /* Main.storyboard in Resources */,
			);
			runOnlyForDeploymentPostprocessing = 0;
		};
/* End PBXResourcesBuildPhase section */

/* Begin PBXSourcesBuildPhase section */
		805EC2851D143E8C003588EC /* Sources */ = {
			isa = PBXSourcesBuildPhase;
			buildActionMask = 2147483647;
			files = (
				805EC28F1D143E8C003588EC /* ViewController.swift in Sources */,
				806B57D11D144495004C6568 /* TableViewController.swift in Sources */,
				805EC28D1D143E8C003588EC /* AppDelegate.swift in Sources */,
			);
			runOnlyForDeploymentPostprocessing = 0;
		};
/* End PBXSourcesBuildPhase section */

/* Begin PBXVariantGroup section */
		805EC2901D143E8C003588EC /* Main.storyboard */ = {
			isa = PBXVariantGroup;
			children = (
				805EC2911D143E8C003588EC /* Base */,
			);
			name = Main.storyboard;
			sourceTree = "<group>";
		};
		805EC2951D143E8C003588EC /* LaunchScreen.storyboard */ = {
			isa = PBXVariantGroup;
			children = (
				805EC2961D143E8C003588EC /* Base */,
			);
			name = LaunchScreen.storyboard;
			sourceTree = "<group>";
		};
/* End PBXVariantGroup section */

/* Begin XCBuildConfiguration section */
		805EC2991D143E8C003588EC /* Debug */ = {
			isa = XCBuildConfiguration;
			buildSettings = {
				ALWAYS_SEARCH_USER_PATHS = NO;
				CLANG_ANALYZER_NONNULL = YES;
				CLANG_CXX_LANGUAGE_STANDARD = "gnu++0x";
				CLANG_CXX_LIBRARY = "libc++";
				CLANG_ENABLE_MODULES = YES;
				CLANG_ENABLE_OBJC_ARC = YES;
				CLANG_WARN_BOOL_CONVERSION = YES;
				CLANG_WARN_CONSTANT_CONVERSION = YES;
				CLANG_WARN_DIRECT_OBJC_ISA_USAGE = YES_ERROR;
				CLANG_WARN_EMPTY_BODY = YES;
				CLANG_WARN_ENUM_CONVERSION = YES;
				CLANG_WARN_INT_CONVERSION = YES;
				CLANG_WARN_OBJC_ROOT_CLASS = YES_ERROR;
				CLANG_WARN_UNREACHABLE_CODE = YES;
				CLANG_WARN__DUPLICATE_METHOD_MATCH = YES;
				"CODE_SIGN_IDENTITY[sdk=iphoneos*]" = "iPhone Developer";
				COPY_PHASE_STRIP = NO;
				DEBUG_INFORMATION_FORMAT = dwarf;
				ENABLE_STRICT_OBJC_MSGSEND = YES;
				ENABLE_TESTABILITY = YES;
				GCC_C_LANGUAGE_STANDARD = gnu99;
				GCC_DYNAMIC_NO_PIC = NO;
				GCC_NO_COMMON_BLOCKS = YES;
				GCC_OPTIMIZATION_LEVEL = 0;
				GCC_PREPROCESSOR_DEFINITIONS = (
					"DEBUG=1",
					"$(inherited)",
				);
				GCC_WARN_64_TO_32_BIT_CONVERSION = YES;
				GCC_WARN_ABOUT_RETURN_TYPE = YES_ERROR;
				GCC_WARN_UNDECLARED_SELECTOR = YES;
				GCC_WARN_UNINITIALIZED_AUTOS = YES_AGGRESSIVE;
				GCC_WARN_UNUSED_FUNCTION = YES;
				GCC_WARN_UNUSED_VARIABLE = YES;
				IPHONEOS_DEPLOYMENT_TARGET = 9.3;
				MTL_ENABLE_DEBUG_INFO = YES;
				ONLY_ACTIVE_ARCH = YES;
				SDKROOT = iphoneos;
				SWIFT_OPTIMIZATION_LEVEL = "-Onone";
			};
			name = Debug;
		};
		805EC29A1D143E8C003588EC /* Release */ = {
			isa = XCBuildConfiguration;
			buildSettings = {
				ALWAYS_SEARCH_USER_PATHS = NO;
				CLANG_ANALYZER_NONNULL = YES;
				CLANG_CXX_LANGUAGE_STANDARD = "gnu++0x";
				CLANG_CXX_LIBRARY = "libc++";
				CLANG_ENABLE_MODULES = YES;
				CLANG_ENABLE_OBJC_ARC = YES;
				CLANG_WARN_BOOL_CONVERSION = YES;
				CLANG_WARN_CONSTANT_CONVERSION = YES;
				CLANG_WARN_DIRECT_OBJC_ISA_USAGE = YES_ERROR;
				CLANG_WARN_EMPTY_BODY = YES;
				CLANG_WARN_ENUM_CONVERSION = YES;
				CLANG_WARN_INT_CONVERSION = YES;
				CLANG_WARN_OBJC_ROOT_CLASS = YES_ERROR;
				CLANG_WARN_UNREACHABLE_CODE = YES;
				CLANG_WARN__DUPLICATE_METHOD_MATCH = YES;
				"CODE_SIGN_IDENTITY[sdk=iphoneos*]" = "iPhone Developer";
				COPY_PHASE_STRIP = NO;
				DEBUG_INFORMATION_FORMAT = "dwarf-with-dsym";
				ENABLE_NS_ASSERTIONS = NO;
				ENABLE_STRICT_OBJC_MSGSEND = YES;
				GCC_C_LANGUAGE_STANDARD = gnu99;
				GCC_NO_COMMON_BLOCKS = YES;
				GCC_WARN_64_TO_32_BIT_CONVERSION = YES;
				GCC_WARN_ABOUT_RETURN_TYPE = YES_ERROR;
				GCC_WARN_UNDECLARED_SELECTOR = YES;
				GCC_WARN_UNINITIALIZED_AUTOS = YES_AGGRESSIVE;
				GCC_WARN_UNUSED_FUNCTION = YES;
				GCC_WARN_UNUSED_VARIABLE = YES;
				IPHONEOS_DEPLOYMENT_TARGET = 9.3;
				MTL_ENABLE_DEBUG_INFO = NO;
				SDKROOT = iphoneos;
				VALIDATE_PRODUCT = YES;
			};
			name = Release;
		};
		805EC29C1D143E8C003588EC /* Debug */ = {
			isa = XCBuildConfiguration;
			buildSettings = {
				ASSETCATALOG_COMPILER_APPICON_NAME = AppIcon;
				INFOPLIST_FILE = MemorablePlaces/Info.plist;
				LD_RUNPATH_SEARCH_PATHS = "$(inherited) @executable_path/Frameworks";
				PRODUCT_BUNDLE_IDENTIFIER = com.luismachado.MemorablePlaces;
				PRODUCT_NAME = "$(TARGET_NAME)";
			};
			name = Debug;
		};
		805EC29D1D143E8C003588EC /* Release */ = {
			isa = XCBuildConfiguration;
			buildSettings = {
				ASSETCATALOG_COMPILER_APPICON_NAME = AppIcon;
				INFOPLIST_FILE = MemorablePlaces/Info.plist;
				LD_RUNPATH_SEARCH_PATHS = "$(inherited) @executable_path/Frameworks";
				PRODUCT_BUNDLE_IDENTIFIER = com.luismachado.MemorablePlaces;
				PRODUCT_NAME = "$(TARGET_NAME)";
			};
			name = Release;
		};
/* End XCBuildConfiguration section */

/* Begin XCConfigurationList section */
		805EC2841D143E8C003588EC /* Build configuration list for PBXProject "MemorablePlaces" */ = {
			isa = XCConfigurationList;
			buildConfigurations = (
				805EC2991D143E8C003588EC /* Debug */,
				805EC29A1D143E8C003588EC /* Release */,
			);
			defaultConfigurationIsVisible = 0;
			defaultConfigurationName = Release;
		};
		805EC29B1D143E8C003588EC /* Build configuration list for PBXNativeTarget "MemorablePlaces" */ = {
			isa = XCConfigurationList;
			buildConfigurations = (
				805EC29C1D143E8C003588EC /* Debug */,
				805EC29D1D143E8C003588EC /* Release */,
			);
			defaultConfigurationIsVisible = 0;
			defaultConfigurationName = Release;
		};
/* End XCConfigurationList section */
	};
	rootObject = 805EC2811D143E8C003588EC /* Project object */;
}
